
Microsoft Visual Studio Solution File, Format Version 12.00
# Visual Studio 15
VisualStudioVersion = 15.0.28010.2003
MinimumVisualStudioVersion = 10.0.40219.1
Project("{FAE04EC0-301F-11D3-BF4B-00C04F79EFBC}") = "Consoante_Vogais", "Consoante_Vogais\Consoante_Vogais.csproj", "{5E594D5E-29FC-4E04-A015-AC5DACB8E96A}"
EndProject
Global
	GlobalSection(SolutionConfigurationPlatforms) = preSolution
		Debug|Any CPU = Debug|Any CPU
		Release|Any CPU = Release|Any CPU
	EndGlobalSection
	GlobalSection(ProjectConfigurationPlatforms) = postSolution
		{5E594D5E-29FC-4E04-A015-AC5DACB8E96A}.Debug|Any CPU.ActiveCfg = Debug|Any CPU
		{5E594D5E-29FC-4E04-A015-AC5DACB8E96A}.Debug|Any CPU.Build.0 = Debug|Any CPU
		{5E594D5E-29FC-4E04-A015-AC5DACB8E96A}.Release|Any CPU.ActiveCfg = Release|Any CPU
		{5E594D5E-29FC-4E04-A015-AC5DACB8E96A}.Release|Any CPU.Build.0 = Release|Any CPU
	EndGlobalSection
	GlobalSection(SolutionProperties) = preSolution
		HideSolutionNode = FALSE
	EndGlobalSection
	GlobalSection(ExtensibilityGlobals) = postSolution
		SolutionGuid = {997CAA42-1B00-499F-BC0C-B0BA51F49FAD}
	EndGlobalSection
EndGlobal
